// !$*UTF8*$!
{
	archiveVersion = 1;
	classes = {
	};
	objectVersion = 56;
	objects = {

/* Begin PBXBuildFile section */
		2EB8F7B72BEA1C2400FD3B10 /* AppDelegate.swift in Sources */ = {isa = PBXBuildFile; fileRef = 2EB8F7B62BEA1C2400FD3B10 /* AppDelegate.swift */; };
		2EB8F7B92BEA1C2400FD3B10 /* SceneDelegate.swift in Sources */ = {isa = PBXBuildFile; fileRef = 2EB8F7B82BEA1C2400FD3B10 /* SceneDelegate.swift */; };
		2EB8F7C12BEA1C2400FD3B10 /* BookFriend.xcdatamodeld in Sources */ = {isa = PBXBuildFile; fileRef = 2EB8F7BF2BEA1C2400FD3B10 /* BookFriend.xcdatamodeld */; };
		2EB8F7C32BEA1C2600FD3B10 /* Assets.xcassets in Resources */ = {isa = PBXBuildFile; fileRef = 2EB8F7C22BEA1C2600FD3B10 /* Assets.xcassets */; };
		2EB8F7C62BEA1C2600FD3B10 /* Base in Resources */ = {isa = PBXBuildFile; fileRef = 2EB8F7C52BEA1C2600FD3B10 /* Base */; };
		2EB8F7CF2BEA1DCF00FD3B10 /* SnapKit in Frameworks */ = {isa = PBXBuildFile; productRef = 2EB8F7CE2BEA1DCF00FD3B10 /* SnapKit */; };
		2EB8F7D12BEA1DCF00FD3B10 /* SnapKit-Dynamic in Frameworks */ = {isa = PBXBuildFile; productRef = 2EB8F7D02BEA1DCF00FD3B10 /* SnapKit-Dynamic */; };
		2EB8F7D42BEA1DEC00FD3B10 /* Alamofire in Frameworks */ = {isa = PBXBuildFile; productRef = 2EB8F7D32BEA1DEC00FD3B10 /* Alamofire */; };
		2EB8F7D62BEA1DEC00FD3B10 /* AlamofireDynamic in Frameworks */ = {isa = PBXBuildFile; productRef = 2EB8F7D52BEA1DEC00FD3B10 /* AlamofireDynamic */; };
		2EB8F7D92BEA1DF300FD3B10 /* Kingfisher in Frameworks */ = {isa = PBXBuildFile; productRef = 2EB8F7D82BEA1DF300FD3B10 /* Kingfisher */; };
		2EF8DEA32BEA220F006E84D2 /* TabItem.swift in Sources */ = {isa = PBXBuildFile; fileRef = 2EF8DEA22BEA220F006E84D2 /* TabItem.swift */; };
		2EF8DEA52BEA2546006E84D2 /* RecommendViewController.swift in Sources */ = {isa = PBXBuildFile; fileRef = 2EF8DEA42BEA2546006E84D2 /* RecommendViewController.swift */; };
		2EF8DEA72BEA2646006E84D2 /* SearchViewController.swift in Sources */ = {isa = PBXBuildFile; fileRef = 2EF8DEA62BEA2646006E84D2 /* SearchViewController.swift */; };
		2EF8DEAB2BEA2908006E84D2 /* MyBookStoreViewController.swift in Sources */ = {isa = PBXBuildFile; fileRef = 2EF8DEAA2BEA2908006E84D2 /* MyBookStoreViewController.swift */; };
		2EF8DEAD2BEA2917006E84D2 /* BookRecordViewController.swift in Sources */ = {isa = PBXBuildFile; fileRef = 2EF8DEAC2BEA2917006E84D2 /* BookRecordViewController.swift */; };
		2EF8DEAF2BEA2923006E84D2 /* SettingViewController.swift in Sources */ = {isa = PBXBuildFile; fileRef = 2EF8DEAE2BEA2923006E84D2 /* SettingViewController.swift */; };
		2EF8DEB12BEA298E006E84D2 /* ViewController.swift in Sources */ = {isa = PBXBuildFile; fileRef = 2EF8DEB02BEA298E006E84D2 /* ViewController.swift */; };
		2EF8DEB32BEA4234006E84D2 /* CustomTabBarController.swift in Sources */ = {isa = PBXBuildFile; fileRef = 2EF8DEB22BEA4234006E84D2 /* CustomTabBarController.swift */; };
		2EF8DEC22BEA4F0A006E84D2 /* UIFont+AppFonts.swift in Sources */ = {isa = PBXBuildFile; fileRef = 2EF8DEC12BEA4F0A006E84D2 /* UIFont+AppFonts.swift */; };
		2EF8DEC62BEA556D006E84D2 /* SBAggro-B.otf in Resources */ = {isa = PBXBuildFile; fileRef = 2EF8DEC32BEA5369006E84D2 /* SBAggro-B.otf */; };
		2EF8DEC72BEA5571006E84D2 /* SBAggro-L.otf in Resources */ = {isa = PBXBuildFile; fileRef = 2EF8DEC42BEA5369006E84D2 /* SBAggro-L.otf */; };
		2EF8DEC82BEA5573006E84D2 /* SBAggro-R.otf in Resources */ = {isa = PBXBuildFile; fileRef = 2EF8DEC52BEA5369006E84D2 /* SBAggro-R.otf */; };
		2EF8DEC92BEA57AC006E84D2 /* Pretendard-Black.otf in Resources */ = {isa = PBXBuildFile; fileRef = 2EF8DEBB2BEA4774006E84D2 /* Pretendard-Black.otf */; };
		2EF8DECA2BEA57AF006E84D2 /* Pretendard-Bold.otf in Resources */ = {isa = PBXBuildFile; fileRef = 2EF8DEB82BEA4773006E84D2 /* Pretendard-Bold.otf */; };
		2EF8DECB2BEA57B1006E84D2 /* Pretendard-ExtraBold.otf in Resources */ = {isa = PBXBuildFile; fileRef = 2EF8DEBD2BEA4774006E84D2 /* Pretendard-ExtraBold.otf */; };
		2EF8DECC2BEA57B4006E84D2 /* Pretendard-ExtraLight.otf in Resources */ = {isa = PBXBuildFile; fileRef = 2EF8DEB62BEA4773006E84D2 /* Pretendard-ExtraLight.otf */; };
		2EF8DECD2BEA57B7006E84D2 /* Pretendard-Light.otf in Resources */ = {isa = PBXBuildFile; fileRef = 2EF8DEBC2BEA4774006E84D2 /* Pretendard-Light.otf */; };
		2EF8DECE2BEA57B9006E84D2 /* Pretendard-Medium.otf in Resources */ = {isa = PBXBuildFile; fileRef = 2EF8DEBA2BEA4773006E84D2 /* Pretendard-Medium.otf */; };
		2EF8DECF2BEA57BC006E84D2 /* Pretendard-Regular.otf in Resources */ = {isa = PBXBuildFile; fileRef = 2EF8DEB72BEA4773006E84D2 /* Pretendard-Regular.otf */; };
		2EF8DED02BEA57BE006E84D2 /* Pretendard-SemiBold.otf in Resources */ = {isa = PBXBuildFile; fileRef = 2EF8DEB52BEA4773006E84D2 /* Pretendard-SemiBold.otf */; };
		2EF8DED12BEA57C1006E84D2 /* Pretendard-Thin.otf in Resources */ = {isa = PBXBuildFile; fileRef = 2EF8DEB92BEA4773006E84D2 /* Pretendard-Thin.otf */; };
/* End PBXBuildFile section */

/* Begin PBXFileReference section */
		2EB8F7B32BEA1C2400FD3B10 /* BookFriend.app */ = {isa = PBXFileReference; explicitFileType = wrapper.application; includeInIndex = 0; path = BookFriend.app; sourceTree = BUILT_PRODUCTS_DIR; };
		2EB8F7B62BEA1C2400FD3B10 /* AppDelegate.swift */ = {isa = PBXFileReference; lastKnownFileType = sourcecode.swift; path = AppDelegate.swift; sourceTree = "<group>"; };
		2EB8F7B82BEA1C2400FD3B10 /* SceneDelegate.swift */ = {isa = PBXFileReference; lastKnownFileType = sourcecode.swift; path = SceneDelegate.swift; sourceTree = "<group>"; };
		2EB8F7C02BEA1C2400FD3B10 /* BookFriend.xcdatamodel */ = {isa = PBXFileReference; lastKnownFileType = wrapper.xcdatamodel; path = BookFriend.xcdatamodel; sourceTree = "<group>"; };
		2EB8F7C22BEA1C2600FD3B10 /* Assets.xcassets */ = {isa = PBXFileReference; lastKnownFileType = folder.assetcatalog; path = Assets.xcassets; sourceTree = "<group>"; };
		2EB8F7C52BEA1C2600FD3B10 /* Base */ = {isa = PBXFileReference; lastKnownFileType = file.storyboard; name = Base; path = Base.lproj/LaunchScreen.storyboard; sourceTree = "<group>"; };
		2EB8F7C72BEA1C2600FD3B10 /* Info.plist */ = {isa = PBXFileReference; lastKnownFileType = text.plist.xml; path = Info.plist; sourceTree = "<group>"; };
		2EF8DEA22BEA220F006E84D2 /* TabItem.swift */ = {isa = PBXFileReference; lastKnownFileType = sourcecode.swift; path = TabItem.swift; sourceTree = "<group>"; };
		2EF8DEA42BEA2546006E84D2 /* RecommendViewController.swift */ = {isa = PBXFileReference; lastKnownFileType = sourcecode.swift; path = RecommendViewController.swift; sourceTree = "<group>"; };
		2EF8DEA62BEA2646006E84D2 /* SearchViewController.swift */ = {isa = PBXFileReference; lastKnownFileType = sourcecode.swift; path = SearchViewController.swift; sourceTree = "<group>"; };
		2EF8DEAA2BEA2908006E84D2 /* MyBookStoreViewController.swift */ = {isa = PBXFileReference; lastKnownFileType = sourcecode.swift; path = MyBookStoreViewController.swift; sourceTree = "<group>"; };
		2EF8DEAC2BEA2917006E84D2 /* BookRecordViewController.swift */ = {isa = PBXFileReference; lastKnownFileType = sourcecode.swift; path = BookRecordViewController.swift; sourceTree = "<group>"; };
		2EF8DEAE2BEA2923006E84D2 /* SettingViewController.swift */ = {isa = PBXFileReference; lastKnownFileType = sourcecode.swift; path = SettingViewController.swift; sourceTree = "<group>"; };
		2EF8DEB02BEA298E006E84D2 /* ViewController.swift */ = {isa = PBXFileReference; lastKnownFileType = sourcecode.swift; path = ViewController.swift; sourceTree = "<group>"; };
		2EF8DEB22BEA4234006E84D2 /* CustomTabBarController.swift */ = {isa = PBXFileReference; lastKnownFileType = sourcecode.swift; path = CustomTabBarController.swift; sourceTree = "<group>"; };
		2EF8DEB52BEA4773006E84D2 /* Pretendard-SemiBold.otf */ = {isa = PBXFileReference; lastKnownFileType = file; path = "Pretendard-SemiBold.otf"; sourceTree = "<group>"; };
		2EF8DEB62BEA4773006E84D2 /* Pretendard-ExtraLight.otf */ = {isa = PBXFileReference; lastKnownFileType = file; path = "Pretendard-ExtraLight.otf"; sourceTree = "<group>"; };
		2EF8DEB72BEA4773006E84D2 /* Pretendard-Regular.otf */ = {isa = PBXFileReference; lastKnownFileType = file; path = "Pretendard-Regular.otf"; sourceTree = "<group>"; };
		2EF8DEB82BEA4773006E84D2 /* Pretendard-Bold.otf */ = {isa = PBXFileReference; lastKnownFileType = file; path = "Pretendard-Bold.otf"; sourceTree = "<group>"; };
		2EF8DEB92BEA4773006E84D2 /* Pretendard-Thin.otf */ = {isa = PBXFileReference; lastKnownFileType = file; path = "Pretendard-Thin.otf"; sourceTree = "<group>"; };
		2EF8DEBA2BEA4773006E84D2 /* Pretendard-Medium.otf */ = {isa = PBXFileReference; lastKnownFileType = file; path = "Pretendard-Medium.otf"; sourceTree = "<group>"; };
		2EF8DEBB2BEA4774006E84D2 /* Pretendard-Black.otf */ = {isa = PBXFileReference; lastKnownFileType = file; path = "Pretendard-Black.otf"; sourceTree = "<group>"; };
		2EF8DEBC2BEA4774006E84D2 /* Pretendard-Light.otf */ = {isa = PBXFileReference; lastKnownFileType = file; path = "Pretendard-Light.otf"; sourceTree = "<group>"; };
		2EF8DEBD2BEA4774006E84D2 /* Pretendard-ExtraBold.otf */ = {isa = PBXFileReference; lastKnownFileType = file; path = "Pretendard-ExtraBold.otf"; sourceTree = "<group>"; };
		2EF8DEC12BEA4F0A006E84D2 /* UIFont+AppFonts.swift */ = {isa = PBXFileReference; lastKnownFileType = sourcecode.swift; path = "UIFont+AppFonts.swift"; sourceTree = "<group>"; };
		2EF8DEC32BEA5369006E84D2 /* SBAggro-B.otf */ = {isa = PBXFileReference; lastKnownFileType = file; path = "SBAggro-B.otf"; sourceTree = "<group>"; };
		2EF8DEC42BEA5369006E84D2 /* SBAggro-L.otf */ = {isa = PBXFileReference; lastKnownFileType = file; path = "SBAggro-L.otf"; sourceTree = "<group>"; };
		2EF8DEC52BEA5369006E84D2 /* SBAggro-R.otf */ = {isa = PBXFileReference; lastKnownFileType = file; path = "SBAggro-R.otf"; sourceTree = "<group>"; };
/* End PBXFileReference section */

/* Begin PBXFrameworksBuildPhase section */
		2EB8F7B02BEA1C2400FD3B10 /* Frameworks */ = {
			isa = PBXFrameworksBuildPhase;
			buildActionMask = 2147483647;
			files = (
				2EB8F7D42BEA1DEC00FD3B10 /* Alamofire in Frameworks */,
				2EB8F7D62BEA1DEC00FD3B10 /* AlamofireDynamic in Frameworks */,
				2EB8F7CF2BEA1DCF00FD3B10 /* SnapKit in Frameworks */,
				2EB8F7D12BEA1DCF00FD3B10 /* SnapKit-Dynamic in Frameworks */,
				2EB8F7D92BEA1DF300FD3B10 /* Kingfisher in Frameworks */,
			);
			runOnlyForDeploymentPostprocessing = 0;
		};
/* End PBXFrameworksBuildPhase section */

/* Begin PBXGroup section */
		2EB8F7AA2BEA1C2400FD3B10 = {
			isa = PBXGroup;
			children = (
				2EB8F7B52BEA1C2400FD3B10 /* BookFriend */,
				2EB8F7B42BEA1C2400FD3B10 /* Products */,
			);
			sourceTree = "<group>";
		};
		2EB8F7B42BEA1C2400FD3B10 /* Products */ = {
			isa = PBXGroup;
			children = (
				2EB8F7B32BEA1C2400FD3B10 /* BookFriend.app */,
			);
			name = Products;
			sourceTree = "<group>";
		};
		2EB8F7B52BEA1C2400FD3B10 /* BookFriend */ = {
			isa = PBXGroup;
			children = (
				2EF8DEC12BEA4F0A006E84D2 /* UIFont+AppFonts.swift */,
				2EB8F7B62BEA1C2400FD3B10 /* AppDelegate.swift */,
				2EB8F7B82BEA1C2400FD3B10 /* SceneDelegate.swift */,
				2EF8DEA92BEA26DB006E84D2 /* Model */,
				2EF8DEA82BEA26C3006E84D2 /* Controller */,
				2EB8F7C22BEA1C2600FD3B10 /* Assets.xcassets */,
				2EB8F7C42BEA1C2600FD3B10 /* LaunchScreen.storyboard */,
				2EB8F7C72BEA1C2600FD3B10 /* Info.plist */,
				2EB8F7BF2BEA1C2400FD3B10 /* BookFriend.xcdatamodeld */,
				2EF8DEB42BEA4752006E84D2 /* Fonts */,
			);
			path = BookFriend;
			sourceTree = "<group>";
		};
		2EF8DEA82BEA26C3006E84D2 /* Controller */ = {
			isa = PBXGroup;
			children = (
				2EF8DEB02BEA298E006E84D2 /* ViewController.swift */,
				2EF8DEA62BEA2646006E84D2 /* SearchViewController.swift */,
				2EF8DEA42BEA2546006E84D2 /* RecommendViewController.swift */,
				2EF8DEAA2BEA2908006E84D2 /* MyBookStoreViewController.swift */,
				2EF8DEAC2BEA2917006E84D2 /* BookRecordViewController.swift */,
				2EF8DEAE2BEA2923006E84D2 /* SettingViewController.swift */,
				2EF8DEB22BEA4234006E84D2 /* CustomTabBarController.swift */,
			);
			path = Controller;
			sourceTree = "<group>";
		};
		2EF8DEA92BEA26DB006E84D2 /* Model */ = {
			isa = PBXGroup;
			children = (
				2EF8DEA22BEA220F006E84D2 /* TabItem.swift */,
			);
			path = Model;
			sourceTree = "<group>";
		};
		2EF8DEB42BEA4752006E84D2 /* Fonts */ = {
			isa = PBXGroup;
			children = (
				2EF8DEC52BEA5369006E84D2 /* SBAggro-R.otf */,
				2EF8DEC32BEA5369006E84D2 /* SBAggro-B.otf */,
				2EF8DEC42BEA5369006E84D2 /* SBAggro-L.otf */,
				2EF8DEBB2BEA4774006E84D2 /* Pretendard-Black.otf */,
				2EF8DEB82BEA4773006E84D2 /* Pretendard-Bold.otf */,
				2EF8DEBD2BEA4774006E84D2 /* Pretendard-ExtraBold.otf */,
				2EF8DEB62BEA4773006E84D2 /* Pretendard-ExtraLight.otf */,
				2EF8DEBC2BEA4774006E84D2 /* Pretendard-Light.otf */,
				2EF8DEBA2BEA4773006E84D2 /* Pretendard-Medium.otf */,
				2EF8DEB72BEA4773006E84D2 /* Pretendard-Regular.otf */,
				2EF8DEB52BEA4773006E84D2 /* Pretendard-SemiBold.otf */,
				2EF8DEB92BEA4773006E84D2 /* Pretendard-Thin.otf */,
			);
			path = Fonts;
			sourceTree = "<group>";
		};
/* End PBXGroup section */

/* Begin PBXNativeTarget section */
		2EB8F7B22BEA1C2400FD3B10 /* BookFriend */ = {
			isa = PBXNativeTarget;
			buildConfigurationList = 2EB8F7CA2BEA1C2600FD3B10 /* Build configuration list for PBXNativeTarget "BookFriend" */;
			buildPhases = (
				2EB8F7AF2BEA1C2400FD3B10 /* Sources */,
				2EB8F7B02BEA1C2400FD3B10 /* Frameworks */,
				2EB8F7B12BEA1C2400FD3B10 /* Resources */,
			);
			buildRules = (
			);
			dependencies = (
			);
			name = BookFriend;
			packageProductDependencies = (
				2EB8F7CE2BEA1DCF00FD3B10 /* SnapKit */,
				2EB8F7D02BEA1DCF00FD3B10 /* SnapKit-Dynamic */,
				2EB8F7D32BEA1DEC00FD3B10 /* Alamofire */,
				2EB8F7D52BEA1DEC00FD3B10 /* AlamofireDynamic */,
				2EB8F7D82BEA1DF300FD3B10 /* Kingfisher */,
			);
			productName = BookFriend;
			productReference = 2EB8F7B32BEA1C2400FD3B10 /* BookFriend.app */;
			productType = "com.apple.product-type.application";
		};
/* End PBXNativeTarget section */

/* Begin PBXProject section */
		2EB8F7AB2BEA1C2400FD3B10 /* Project object */ = {
			isa = PBXProject;
			attributes = {
				BuildIndependentTargetsInParallel = 1;
				LastSwiftUpdateCheck = 1530;
				LastUpgradeCheck = 1530;
				TargetAttributes = {
					2EB8F7B22BEA1C2400FD3B10 = {
						CreatedOnToolsVersion = 15.3;
					};
				};
			};
			buildConfigurationList = 2EB8F7AE2BEA1C2400FD3B10 /* Build configuration list for PBXProject "BookFriend" */;
			compatibilityVersion = "Xcode 14.0";
			developmentRegion = en;
			hasScannedForEncodings = 0;
			knownRegions = (
				en,
				Base,
			);
			mainGroup = 2EB8F7AA2BEA1C2400FD3B10;
			packageReferences = (
				2EB8F7CD2BEA1DCF00FD3B10 /* XCRemoteSwiftPackageReference "SnapKit" */,
				2EB8F7D22BEA1DEC00FD3B10 /* XCRemoteSwiftPackageReference "Alamofire" */,
				2EB8F7D72BEA1DF300FD3B10 /* XCRemoteSwiftPackageReference "Kingfisher" */,
			);
			productRefGroup = 2EB8F7B42BEA1C2400FD3B10 /* Products */;
			projectDirPath = "";
			projectRoot = "";
			targets = (
				2EB8F7B22BEA1C2400FD3B10 /* BookFriend */,
			);
		};
/* End PBXProject section */

/* Begin PBXResourcesBuildPhase section */
		2EB8F7B12BEA1C2400FD3B10 /* Resources */ = {
			isa = PBXResourcesBuildPhase;
			buildActionMask = 2147483647;
			files = (
				2EF8DECC2BEA57B4006E84D2 /* Pretendard-ExtraLight.otf in Resources */,
				2EF8DECF2BEA57BC006E84D2 /* Pretendard-Regular.otf in Resources */,
				2EB8F7C32BEA1C2600FD3B10 /* Assets.xcassets in Resources */,
				2EF8DED02BEA57BE006E84D2 /* Pretendard-SemiBold.otf in Resources */,
				2EF8DEC62BEA556D006E84D2 /* SBAggro-B.otf in Resources */,
				2EF8DECD2BEA57B7006E84D2 /* Pretendard-Light.otf in Resources */,
				2EF8DECB2BEA57B1006E84D2 /* Pretendard-ExtraBold.otf in Resources */,
				2EF8DECA2BEA57AF006E84D2 /* Pretendard-Bold.otf in Resources */,
				2EF8DEC82BEA5573006E84D2 /* SBAggro-R.otf in Resources */,
				2EF8DED12BEA57C1006E84D2 /* Pretendard-Thin.otf in Resources */,
				2EF8DEC72BEA5571006E84D2 /* SBAggro-L.otf in Resources */,
				2EF8DEC92BEA57AC006E84D2 /* Pretendard-Black.otf in Resources */,
				2EB8F7C62BEA1C2600FD3B10 /* Base in Resources */,
				2EF8DECE2BEA57B9006E84D2 /* Pretendard-Medium.otf in Resources */,
			);
			runOnlyForDeploymentPostprocessing = 0;
		};
/* End PBXResourcesBuildPhase section */

/* Begin PBXSourcesBuildPhase section */
		2EB8F7AF2BEA1C2400FD3B10 /* Sources */ = {
			isa = PBXSourcesBuildPhase;
			buildActionMask = 2147483647;
			files = (
				2EF8DEB12BEA298E006E84D2 /* ViewController.swift in Sources */,
				2EF8DEA32BEA220F006E84D2 /* TabItem.swift in Sources */,
				2EB8F7B72BEA1C2400FD3B10 /* AppDelegate.swift in Sources */,
				2EF8DEAD2BEA2917006E84D2 /* BookRecordViewController.swift in Sources */,
				2EB8F7C12BEA1C2400FD3B10 /* BookFriend.xcdatamodeld in Sources */,
				2EF8DEB32BEA4234006E84D2 /* CustomTabBarController.swift in Sources */,
				2EF8DEA72BEA2646006E84D2 /* SearchViewController.swift in Sources */,
				2EF8DEC22BEA4F0A006E84D2 /* UIFont+AppFonts.swift in Sources */,
				2EF8DEAF2BEA2923006E84D2 /* SettingViewController.swift in Sources */,
				2EB8F7B92BEA1C2400FD3B10 /* SceneDelegate.swift in Sources */,
				2EF8DEAB2BEA2908006E84D2 /* MyBookStoreViewController.swift in Sources */,
				2EF8DEA52BEA2546006E84D2 /* RecommendViewController.swift in Sources */,
			);
			runOnlyForDeploymentPostprocessing = 0;
		};
/* End PBXSourcesBuildPhase section */

/* Begin PBXVariantGroup section */
		2EB8F7C42BEA1C2600FD3B10 /* LaunchScreen.storyboard */ = {
			isa = PBXVariantGroup;
			children = (
				2EB8F7C52BEA1C2600FD3B10 /* Base */,
			);
			name = LaunchScreen.storyboard;
			sourceTree = "<group>";
		};
/* End PBXVariantGroup section */

/* Begin XCBuildConfiguration section */
		2EB8F7C82BEA1C2600FD3B10 /* Debug */ = {
			isa = XCBuildConfiguration;
			buildSettings = {
				ALWAYS_SEARCH_USER_PATHS = NO;
				ASSETCATALOG_COMPILER_GENERATE_SWIFT_ASSET_SYMBOL_EXTENSIONS = YES;
				CLANG_ANALYZER_NONNULL = YES;
				CLANG_ANALYZER_NUMBER_OBJECT_CONVERSION = YES_AGGRESSIVE;
				CLANG_CXX_LANGUAGE_STANDARD = "gnu++20";
				CLANG_ENABLE_MODULES = YES;
				CLANG_ENABLE_OBJC_ARC = YES;
				CLANG_ENABLE_OBJC_WEAK = YES;
				CLANG_WARN_BLOCK_CAPTURE_AUTORELEASING = YES;
				CLANG_WARN_BOOL_CONVERSION = YES;
				CLANG_WARN_COMMA = YES;
				CLANG_WARN_CONSTANT_CONVERSION = YES;
				CLANG_WARN_DEPRECATED_OBJC_IMPLEMENTATIONS = YES;
				CLANG_WARN_DIRECT_OBJC_ISA_USAGE = YES_ERROR;
				CLANG_WARN_DOCUMENTATION_COMMENTS = YES;
				CLANG_WARN_EMPTY_BODY = YES;
				CLANG_WARN_ENUM_CONVERSION = YES;
				CLANG_WARN_INFINITE_RECURSION = YES;
				CLANG_WARN_INT_CONVERSION = YES;
				CLANG_WARN_NON_LITERAL_NULL_CONVERSION = YES;
				CLANG_WARN_OBJC_IMPLICIT_RETAIN_SELF = YES;
				CLANG_WARN_OBJC_LITERAL_CONVERSION = YES;
				CLANG_WARN_OBJC_ROOT_CLASS = YES_ERROR;
				CLANG_WARN_QUOTED_INCLUDE_IN_FRAMEWORK_HEADER = YES;
				CLANG_WARN_RANGE_LOOP_ANALYSIS = YES;
				CLANG_WARN_STRICT_PROTOTYPES = YES;
				CLANG_WARN_SUSPICIOUS_MOVE = YES;
				CLANG_WARN_UNGUARDED_AVAILABILITY = YES_AGGRESSIVE;
				CLANG_WARN_UNREACHABLE_CODE = YES;
				CLANG_WARN__DUPLICATE_METHOD_MATCH = YES;
				COPY_PHASE_STRIP = NO;
				DEBUG_INFORMATION_FORMAT = dwarf;
				ENABLE_STRICT_OBJC_MSGSEND = YES;
				ENABLE_TESTABILITY = YES;
				ENABLE_USER_SCRIPT_SANDBOXING = YES;
				GCC_C_LANGUAGE_STANDARD = gnu17;
				GCC_DYNAMIC_NO_PIC = NO;
				GCC_NO_COMMON_BLOCKS = YES;
				GCC_OPTIMIZATION_LEVEL = 0;
				GCC_PREPROCESSOR_DEFINITIONS = (
					"DEBUG=1",
					"$(inherited)",
				);
				GCC_WARN_64_TO_32_BIT_CONVERSION = YES;
				GCC_WARN_ABOUT_RETURN_TYPE = YES_ERROR;
				GCC_WARN_UNDECLARED_SELECTOR = YES;
				GCC_WARN_UNINITIALIZED_AUTOS = YES_AGGRESSIVE;
				GCC_WARN_UNUSED_FUNCTION = YES;
				GCC_WARN_UNUSED_VARIABLE = YES;
				IPHONEOS_DEPLOYMENT_TARGET = 17.4;
				LOCALIZATION_PREFERS_STRING_CATALOGS = YES;
				MTL_ENABLE_DEBUG_INFO = INCLUDE_SOURCE;
				MTL_FAST_MATH = YES;
				ONLY_ACTIVE_ARCH = YES;
				SDKROOT = iphoneos;
				SWIFT_ACTIVE_COMPILATION_CONDITIONS = "DEBUG $(inherited)";
				SWIFT_OPTIMIZATION_LEVEL = "-Onone";
			};
			name = Debug;
		};
		2EB8F7C92BEA1C2600FD3B10 /* Release */ = {
			isa = XCBuildConfiguration;
			buildSettings = {
				ALWAYS_SEARCH_USER_PATHS = NO;
				ASSETCATALOG_COMPILER_GENERATE_SWIFT_ASSET_SYMBOL_EXTENSIONS = YES;
				CLANG_ANALYZER_NONNULL = YES;
				CLANG_ANALYZER_NUMBER_OBJECT_CONVERSION = YES_AGGRESSIVE;
				CLANG_CXX_LANGUAGE_STANDARD = "gnu++20";
				CLANG_ENABLE_MODULES = YES;
				CLANG_ENABLE_OBJC_ARC = YES;
				CLANG_ENABLE_OBJC_WEAK = YES;
				CLANG_WARN_BLOCK_CAPTURE_AUTORELEASING = YES;
				CLANG_WARN_BOOL_CONVERSION = YES;
				CLANG_WARN_COMMA = YES;
				CLANG_WARN_CONSTANT_CONVERSION = YES;
				CLANG_WARN_DEPRECATED_OBJC_IMPLEMENTATIONS = YES;
				CLANG_WARN_DIRECT_OBJC_ISA_USAGE = YES_ERROR;
				CLANG_WARN_DOCUMENTATION_COMMENTS = YES;
				CLANG_WARN_EMPTY_BODY = YES;
				CLANG_WARN_ENUM_CONVERSION = YES;
				CLANG_WARN_INFINITE_RECURSION = YES;
				CLANG_WARN_INT_CONVERSION = YES;
				CLANG_WARN_NON_LITERAL_NULL_CONVERSION = YES;
				CLANG_WARN_OBJC_IMPLICIT_RETAIN_SELF = YES;
				CLANG_WARN_OBJC_LITERAL_CONVERSION = YES;
				CLANG_WARN_OBJC_ROOT_CLASS = YES_ERROR;
				CLANG_WARN_QUOTED_INCLUDE_IN_FRAMEWORK_HEADER = YES;
				CLANG_WARN_RANGE_LOOP_ANALYSIS = YES;
				CLANG_WARN_STRICT_PROTOTYPES = YES;
				CLANG_WARN_SUSPICIOUS_MOVE = YES;
				CLANG_WARN_UNGUARDED_AVAILABILITY = YES_AGGRESSIVE;
				CLANG_WARN_UNREACHABLE_CODE = YES;
				CLANG_WARN__DUPLICATE_METHOD_MATCH = YES;
				COPY_PHASE_STRIP = NO;
				DEBUG_INFORMATION_FORMAT = "dwarf-with-dsym";
				ENABLE_NS_ASSERTIONS = NO;
				ENABLE_STRICT_OBJC_MSGSEND = YES;
				ENABLE_USER_SCRIPT_SANDBOXING = YES;
				GCC_C_LANGUAGE_STANDARD = gnu17;
				GCC_NO_COMMON_BLOCKS = YES;
				GCC_WARN_64_TO_32_BIT_CONVERSION = YES;
				GCC_WARN_ABOUT_RETURN_TYPE = YES_ERROR;
				GCC_WARN_UNDECLARED_SELECTOR = YES;
				GCC_WARN_UNINITIALIZED_AUTOS = YES_AGGRESSIVE;
				GCC_WARN_UNUSED_FUNCTION = YES;
				GCC_WARN_UNUSED_VARIABLE = YES;
				IPHONEOS_DEPLOYMENT_TARGET = 17.4;
				LOCALIZATION_PREFERS_STRING_CATALOGS = YES;
				MTL_ENABLE_DEBUG_INFO = NO;
				MTL_FAST_MATH = YES;
				SDKROOT = iphoneos;
				SWIFT_COMPILATION_MODE = wholemodule;
				VALIDATE_PRODUCT = YES;
			};
			name = Release;
		};
		2EB8F7CB2BEA1C2600FD3B10 /* Debug */ = {
			isa = XCBuildConfiguration;
			buildSettings = {
				ASSETCATALOG_COMPILER_APPICON_NAME = AppIcon;
				ASSETCATALOG_COMPILER_GLOBAL_ACCENT_COLOR_NAME = AccentColor;
				CODE_SIGN_STYLE = Automatic;
				CURRENT_PROJECT_VERSION = 1;
				DEVELOPMENT_TEAM = 79LSKHWYJ8;
				GENERATE_INFOPLIST_FILE = YES;
				INFOPLIST_FILE = BookFriend/Info.plist;
				INFOPLIST_KEY_UIApplicationSupportsIndirectInputEvents = YES;
				INFOPLIST_KEY_UILaunchStoryboardName = LaunchScreen;
				INFOPLIST_KEY_UIMainStoryboardFile = "";
				INFOPLIST_KEY_UISupportedInterfaceOrientations = UIInterfaceOrientationPortrait;
				INFOPLIST_KEY_UISupportedInterfaceOrientations_iPad = "UIInterfaceOrientationLandscapeLeft UIInterfaceOrientationLandscapeRight UIInterfaceOrientationPortrait UIInterfaceOrientationPortraitUpsideDown";
				IPHONEOS_DEPLOYMENT_TARGET = 16.0;
				LD_RUNPATH_SEARCH_PATHS = (
					"$(inherited)",
					"@executable_path/Frameworks",
				);
				MARKETING_VERSION = 1.0;
				PRODUCT_BUNDLE_IDENTIFIER = com.jihaeBae.BookFriend;
				PRODUCT_NAME = "$(TARGET_NAME)";
				SUPPORTED_PLATFORMS = "iphoneos iphonesimulator";
				SUPPORTS_MACCATALYST = NO;
				SUPPORTS_MAC_DESIGNED_FOR_IPHONE_IPAD = NO;
				SUPPORTS_XR_DESIGNED_FOR_IPHONE_IPAD = NO;
				SWIFT_EMIT_LOC_STRINGS = YES;
				SWIFT_VERSION = 5.0;
				TARGETED_DEVICE_FAMILY = 1;
			};
			name = Debug;
		};
		2EB8F7CC2BEA1C2600FD3B10 /* Release */ = {
			isa = XCBuildConfiguration;
			buildSettings = {
				ASSETCATALOG_COMPILER_APPICON_NAME = AppIcon;
				ASSETCATALOG_COMPILER_GLOBAL_ACCENT_COLOR_NAME = AccentColor;
				CODE_SIGN_STYLE = Automatic;
				CURRENT_PROJECT_VERSION = 1;
				DEVELOPMENT_TEAM = 79LSKHWYJ8;
				GENERATE_INFOPLIST_FILE = YES;
				INFOPLIST_FILE = BookFriend/Info.plist;
				INFOPLIST_KEY_UIApplicationSupportsIndirectInputEvents = YES;
				INFOPLIST_KEY_UILaunchStoryboardName = LaunchScreen;
				INFOPLIST_KEY_UIMainStoryboardFile = "";
				INFOPLIST_KEY_UISupportedInterfaceOrientations = UIInterfaceOrientationPortrait;
				INFOPLIST_KEY_UISupportedInterfaceOrientations_iPad = "UIInterfaceOrientationLandscapeLeft UIInterfaceOrientationLandscapeRight UIInterfaceOrientationPortrait UIInterfaceOrientationPortraitUpsideDown";
				IPHONEOS_DEPLOYMENT_TARGET = 16.0;
				LD_RUNPATH_SEARCH_PATHS = (
					"$(inherited)",
					"@executable_path/Frameworks",
				);
				MARKETING_VERSION = 1.0;
				PRODUCT_BUNDLE_IDENTIFIER = com.jihaeBae.BookFriend;
				PRODUCT_NAME = "$(TARGET_NAME)";
				SUPPORTED_PLATFORMS = "iphoneos iphonesimulator";
				SUPPORTS_MACCATALYST = NO;
				SUPPORTS_MAC_DESIGNED_FOR_IPHONE_IPAD = NO;
				SUPPORTS_XR_DESIGNED_FOR_IPHONE_IPAD = NO;
				SWIFT_EMIT_LOC_STRINGS = YES;
				SWIFT_VERSION = 5.0;
				TARGETED_DEVICE_FAMILY = 1;
			};
			name = Release;
		};
/* End XCBuildConfiguration section */

/* Begin XCConfigurationList section */
		2EB8F7AE2BEA1C2400FD3B10 /* Build configuration list for PBXProject "BookFriend" */ = {
			isa = XCConfigurationList;
			buildConfigurations = (
				2EB8F7C82BEA1C2600FD3B10 /* Debug */,
				2EB8F7C92BEA1C2600FD3B10 /* Release */,
			);
			defaultConfigurationIsVisible = 0;
			defaultConfigurationName = Release;
		};
		2EB8F7CA2BEA1C2600FD3B10 /* Build configuration list for PBXNativeTarget "BookFriend" */ = {
			isa = XCConfigurationList;
			buildConfigurations = (
				2EB8F7CB2BEA1C2600FD3B10 /* Debug */,
				2EB8F7CC2BEA1C2600FD3B10 /* Release */,
			);
			defaultConfigurationIsVisible = 0;
			defaultConfigurationName = Release;
		};
/* End XCConfigurationList section */

/* Begin XCRemoteSwiftPackageReference section */
		2EB8F7CD2BEA1DCF00FD3B10 /* XCRemoteSwiftPackageReference "SnapKit" */ = {
			isa = XCRemoteSwiftPackageReference;
			repositoryURL = "https://github.com/SnapKit/SnapKit";
			requirement = {
				kind = upToNextMajorVersion;
				minimumVersion = 5.7.1;
			};
		};
		2EB8F7D22BEA1DEC00FD3B10 /* XCRemoteSwiftPackageReference "Alamofire" */ = {
			isa = XCRemoteSwiftPackageReference;
			repositoryURL = "https://github.com/Alamofire/Alamofire.git";
			requirement = {
				kind = upToNextMajorVersion;
				minimumVersion = 5.9.1;
			};
		};
		2EB8F7D72BEA1DF300FD3B10 /* XCRemoteSwiftPackageReference "Kingfisher" */ = {
			isa = XCRemoteSwiftPackageReference;
			repositoryURL = "https://github.com/onevcat/Kingfisher";
			requirement = {
				kind = upToNextMajorVersion;
				minimumVersion = 7.11.0;
			};
		};
/* End XCRemoteSwiftPackageReference section */

/* Begin XCSwiftPackageProductDependency section */
		2EB8F7CE2BEA1DCF00FD3B10 /* SnapKit */ = {
			isa = XCSwiftPackageProductDependency;
			package = 2EB8F7CD2BEA1DCF00FD3B10 /* XCRemoteSwiftPackageReference "SnapKit" */;
			productName = SnapKit;
		};
		2EB8F7D02BEA1DCF00FD3B10 /* SnapKit-Dynamic */ = {
			isa = XCSwiftPackageProductDependency;
			package = 2EB8F7CD2BEA1DCF00FD3B10 /* XCRemoteSwiftPackageReference "SnapKit" */;
			productName = "SnapKit-Dynamic";
		};
		2EB8F7D32BEA1DEC00FD3B10 /* Alamofire */ = {
			isa = XCSwiftPackageProductDependency;
			package = 2EB8F7D22BEA1DEC00FD3B10 /* XCRemoteSwiftPackageReference "Alamofire" */;
			productName = Alamofire;
		};
		2EB8F7D52BEA1DEC00FD3B10 /* AlamofireDynamic */ = {
			isa = XCSwiftPackageProductDependency;
			package = 2EB8F7D22BEA1DEC00FD3B10 /* XCRemoteSwiftPackageReference "Alamofire" */;
			productName = AlamofireDynamic;
		};
		2EB8F7D82BEA1DF300FD3B10 /* Kingfisher */ = {
			isa = XCSwiftPackageProductDependency;
			package = 2EB8F7D72BEA1DF300FD3B10 /* XCRemoteSwiftPackageReference "Kingfisher" */;
			productName = Kingfisher;
		};
/* End XCSwiftPackageProductDependency section */

/* Begin XCVersionGroup section */
		2EB8F7BF2BEA1C2400FD3B10 /* BookFriend.xcdatamodeld */ = {
			isa = XCVersionGroup;
			children = (
				2EB8F7C02BEA1C2400FD3B10 /* BookFriend.xcdatamodel */,
			);
			currentVersion = 2EB8F7C02BEA1C2400FD3B10 /* BookFriend.xcdatamodel */;
			path = BookFriend.xcdatamodeld;
			sourceTree = "<group>";
			versionGroupType = wrapper.xcdatamodel;
		};
/* End XCVersionGroup section */
	};
	rootObject = 2EB8F7AB2BEA1C2400FD3B10 /* Project object */;
}
